// !$*UTF8*$!
{
	archiveVersion = 1;
	classes = {
	};
	objectVersion = 56;
	objects = {

/* Begin PBXBuildFile section */
		9C85425B2C9A4A4B00990FE5 /* CryptoXApp.swift in Sources */ = {isa = PBXBuildFile; fileRef = 9C85425A2C9A4A4B00990FE5 /* CryptoXApp.swift */; };
		9C85425D2C9A4A4B00990FE5 /* ContentView.swift in Sources */ = {isa = PBXBuildFile; fileRef = 9C85425C2C9A4A4B00990FE5 /* ContentView.swift */; };
		9C8542692C9A4C7800990FE5 /* Assets.xcassets in Resources */ = {isa = PBXBuildFile; fileRef = 9C8542682C9A4C7800990FE5 /* Assets.xcassets */; };
		9C88D1392C9A4EF00036FFEB /* Color.swift in Sources */ = {isa = PBXBuildFile; fileRef = 9C88D1382C9A4EF00036FFEB /* Color.swift */; };
		9C88D1412C9B02F60036FFEB /* HomeView.swift in Sources */ = {isa = PBXBuildFile; fileRef = 9C88D1402C9B02F60036FFEB /* HomeView.swift */; };
		9C88D1452C9B05070036FFEB /* CircleButtonView.swift in Sources */ = {isa = PBXBuildFile; fileRef = 9C88D1442C9B05060036FFEB /* CircleButtonView.swift */; };
		9C88D1472C9B24F30036FFEB /* CircleButtonAnimationView.swift in Sources */ = {isa = PBXBuildFile; fileRef = 9C88D1462C9B24F30036FFEB /* CircleButtonAnimationView.swift */; };
		9C88D14A2C9B29830036FFEB /* CoinModel.swift in Sources */ = {isa = PBXBuildFile; fileRef = 9C88D1492C9B29830036FFEB /* CoinModel.swift */; };
		9C88D14C2C9BB6F20036FFEB /* CoinRowView.swift in Sources */ = {isa = PBXBuildFile; fileRef = 9C88D14B2C9BB6F20036FFEB /* CoinRowView.swift */; };
		9C88D14E2C9BB75C0036FFEB /* PreviewProvider.swift in Sources */ = {isa = PBXBuildFile; fileRef = 9C88D14D2C9BB75C0036FFEB /* PreviewProvider.swift */; };
		9C88D1522C9BBCFB0036FFEB /* Double.swift in Sources */ = {isa = PBXBuildFile; fileRef = 9C88D1512C9BBCFB0036FFEB /* Double.swift */; };
		9C88D1542C9C50B00036FFEB /* HomeViewModel.swift in Sources */ = {isa = PBXBuildFile; fileRef = 9C88D1532C9C50B00036FFEB /* HomeViewModel.swift */; };
		9C88D1572C9C68EC0036FFEB /* CoinDataService.swift in Sources */ = {isa = PBXBuildFile; fileRef = 9C88D1562C9C68EC0036FFEB /* CoinDataService.swift */; };
		9C88D15A2C9C73170036FFEB /* NetworkingManager.swift in Sources */ = {isa = PBXBuildFile; fileRef = 9C88D1592C9C73170036FFEB /* NetworkingManager.swift */; };
		9C88D15C2C9C87420036FFEB /* keys.plist in Resources */ = {isa = PBXBuildFile; fileRef = 9C88D15B2C9C87420036FFEB /* keys.plist */; };
		9C88D15E2C9C89BC0036FFEB /* .gitignore in Resources */ = {isa = PBXBuildFile; fileRef = 9C88D15D2C9C89BC0036FFEB /* .gitignore */; };
		9C88D1612C9D25F90036FFEB /* CoinImageView.swift in Sources */ = {isa = PBXBuildFile; fileRef = 9C88D1602C9D25F90036FFEB /* CoinImageView.swift */; };
		9C88D1632C9D29240036FFEB /* CoinImageService.swift in Sources */ = {isa = PBXBuildFile; fileRef = 9C88D1622C9D29240036FFEB /* CoinImageService.swift */; };
		9C88D1652C9D2B5F0036FFEB /* CoinImageViewModel.swift in Sources */ = {isa = PBXBuildFile; fileRef = 9C88D1642C9D2B5F0036FFEB /* CoinImageViewModel.swift */; };
		9C88D1672C9DA4D40036FFEB /* LocalFileManager.swift in Sources */ = {isa = PBXBuildFile; fileRef = 9C88D1662C9DA4D40036FFEB /* LocalFileManager.swift */; };
		9C88D1692CA077BA0036FFEB /* SearchBarView.swift in Sources */ = {isa = PBXBuildFile; fileRef = 9C88D1682CA077BA0036FFEB /* SearchBarView.swift */; };
		9C88D16B2CA087B30036FFEB /* UIApplication.swift in Sources */ = {isa = PBXBuildFile; fileRef = 9C88D16A2CA087B30036FFEB /* UIApplication.swift */; };
		9C88D16D2CA0FD070036FFEB /* StatisticModel.swift in Sources */ = {isa = PBXBuildFile; fileRef = 9C88D16C2CA0FD070036FFEB /* StatisticModel.swift */; };
		9C88D16F2CA0FE4C0036FFEB /* StatisticView.swift in Sources */ = {isa = PBXBuildFile; fileRef = 9C88D16E2CA0FE4C0036FFEB /* StatisticView.swift */; };
		9C88D1712CA106540036FFEB /* HomeStatsView.swift in Sources */ = {isa = PBXBuildFile; fileRef = 9C88D1702CA106540036FFEB /* HomeStatsView.swift */; };
		9C88D1732CA22DDC0036FFEB /* MarketDataModel.swift in Sources */ = {isa = PBXBuildFile; fileRef = 9C88D1722CA22DDC0036FFEB /* MarketDataModel.swift */; };
		9C88D1752CA241650036FFEB /* MarketDataService.swift in Sources */ = {isa = PBXBuildFile; fileRef = 9C88D1742CA241650036FFEB /* MarketDataService.swift */; };
		9C88D1772CA4FC6D0036FFEB /* PortfolioView.swift in Sources */ = {isa = PBXBuildFile; fileRef = 9C88D1762CA4FC6D0036FFEB /* PortfolioView.swift */; };
		9C88D1792CA655570036FFEB /* XMarkButton.swift in Sources */ = {isa = PBXBuildFile; fileRef = 9C88D1782CA655570036FFEB /* XMarkButton.swift */; };
		9C88D17B2CA86D2E0036FFEB /* CoinLogoView.swift in Sources */ = {isa = PBXBuildFile; fileRef = 9C88D17A2CA86D2E0036FFEB /* CoinLogoView.swift */; };
		9C88D17E2CAB84940036FFEB /* PortfolioContainer.xcdatamodeld in Sources */ = {isa = PBXBuildFile; fileRef = 9C88D17C2CAB84930036FFEB /* PortfolioContainer.xcdatamodeld */; };
		9C88D1802CAB85760036FFEB /* PortfolioDataService.swift in Sources */ = {isa = PBXBuildFile; fileRef = 9C88D17F2CAB85760036FFEB /* PortfolioDataService.swift */; };
/* End PBXBuildFile section */

/* Begin PBXFileReference section */
		9C8542572C9A4A4B00990FE5 /* CryptoX.app */ = {isa = PBXFileReference; explicitFileType = wrapper.application; includeInIndex = 0; path = CryptoX.app; sourceTree = BUILT_PRODUCTS_DIR; };
		9C85425A2C9A4A4B00990FE5 /* CryptoXApp.swift */ = {isa = PBXFileReference; lastKnownFileType = sourcecode.swift; path = CryptoXApp.swift; sourceTree = "<group>"; };
		9C85425C2C9A4A4B00990FE5 /* ContentView.swift */ = {isa = PBXFileReference; lastKnownFileType = sourcecode.swift; path = ContentView.swift; sourceTree = "<group>"; };
		9C8542682C9A4C7800990FE5 /* Assets.xcassets */ = {isa = PBXFileReference; lastKnownFileType = folder.assetcatalog; path = Assets.xcassets; sourceTree = "<group>"; };
		9C88D1382C9A4EF00036FFEB /* Color.swift */ = {isa = PBXFileReference; lastKnownFileType = sourcecode.swift; path = Color.swift; sourceTree = "<group>"; };
		9C88D1402C9B02F60036FFEB /* HomeView.swift */ = {isa = PBXFileReference; lastKnownFileType = sourcecode.swift; path = HomeView.swift; sourceTree = "<group>"; };
		9C88D1442C9B05060036FFEB /* CircleButtonView.swift */ = {isa = PBXFileReference; lastKnownFileType = sourcecode.swift; path = CircleButtonView.swift; sourceTree = "<group>"; };
		9C88D1462C9B24F30036FFEB /* CircleButtonAnimationView.swift */ = {isa = PBXFileReference; lastKnownFileType = sourcecode.swift; path = CircleButtonAnimationView.swift; sourceTree = "<group>"; };
		9C88D1492C9B29830036FFEB /* CoinModel.swift */ = {isa = PBXFileReference; lastKnownFileType = sourcecode.swift; path = CoinModel.swift; sourceTree = "<group>"; };
		9C88D14B2C9BB6F20036FFEB /* CoinRowView.swift */ = {isa = PBXFileReference; lastKnownFileType = sourcecode.swift; path = CoinRowView.swift; sourceTree = "<group>"; };
		9C88D14D2C9BB75C0036FFEB /* PreviewProvider.swift */ = {isa = PBXFileReference; lastKnownFileType = sourcecode.swift; path = PreviewProvider.swift; sourceTree = "<group>"; };
		9C88D1512C9BBCFB0036FFEB /* Double.swift */ = {isa = PBXFileReference; lastKnownFileType = sourcecode.swift; path = Double.swift; sourceTree = "<group>"; };
		9C88D1532C9C50B00036FFEB /* HomeViewModel.swift */ = {isa = PBXFileReference; lastKnownFileType = sourcecode.swift; path = HomeViewModel.swift; sourceTree = "<group>"; };
		9C88D1562C9C68EC0036FFEB /* CoinDataService.swift */ = {isa = PBXFileReference; lastKnownFileType = sourcecode.swift; path = CoinDataService.swift; sourceTree = "<group>"; };
		9C88D1592C9C73170036FFEB /* NetworkingManager.swift */ = {isa = PBXFileReference; lastKnownFileType = sourcecode.swift; path = NetworkingManager.swift; sourceTree = "<group>"; };
		9C88D15B2C9C87420036FFEB /* keys.plist */ = {isa = PBXFileReference; lastKnownFileType = text.plist.xml; path = keys.plist; sourceTree = "<group>"; };
		9C88D15D2C9C89BC0036FFEB /* .gitignore */ = {isa = PBXFileReference; lastKnownFileType = text; path = .gitignore; sourceTree = "<group>"; };
		9C88D1602C9D25F90036FFEB /* CoinImageView.swift */ = {isa = PBXFileReference; lastKnownFileType = sourcecode.swift; path = CoinImageView.swift; sourceTree = "<group>"; };
		9C88D1622C9D29240036FFEB /* CoinImageService.swift */ = {isa = PBXFileReference; lastKnownFileType = sourcecode.swift; path = CoinImageService.swift; sourceTree = "<group>"; };
		9C88D1642C9D2B5F0036FFEB /* CoinImageViewModel.swift */ = {isa = PBXFileReference; lastKnownFileType = sourcecode.swift; path = CoinImageViewModel.swift; sourceTree = "<group>"; };
		9C88D1662C9DA4D40036FFEB /* LocalFileManager.swift */ = {isa = PBXFileReference; lastKnownFileType = sourcecode.swift; path = LocalFileManager.swift; sourceTree = "<group>"; };
		9C88D1682CA077BA0036FFEB /* SearchBarView.swift */ = {isa = PBXFileReference; lastKnownFileType = sourcecode.swift; path = SearchBarView.swift; sourceTree = "<group>"; };
		9C88D16A2CA087B30036FFEB /* UIApplication.swift */ = {isa = PBXFileReference; lastKnownFileType = sourcecode.swift; path = UIApplication.swift; sourceTree = "<group>"; };
		9C88D16C2CA0FD070036FFEB /* StatisticModel.swift */ = {isa = PBXFileReference; lastKnownFileType = sourcecode.swift; path = StatisticModel.swift; sourceTree = "<group>"; };
		9C88D16E2CA0FE4C0036FFEB /* StatisticView.swift */ = {isa = PBXFileReference; lastKnownFileType = sourcecode.swift; path = StatisticView.swift; sourceTree = "<group>"; };
		9C88D1702CA106540036FFEB /* HomeStatsView.swift */ = {isa = PBXFileReference; lastKnownFileType = sourcecode.swift; path = HomeStatsView.swift; sourceTree = "<group>"; };
		9C88D1722CA22DDC0036FFEB /* MarketDataModel.swift */ = {isa = PBXFileReference; lastKnownFileType = sourcecode.swift; path = MarketDataModel.swift; sourceTree = "<group>"; };
		9C88D1742CA241650036FFEB /* MarketDataService.swift */ = {isa = PBXFileReference; lastKnownFileType = sourcecode.swift; path = MarketDataService.swift; sourceTree = "<group>"; };
		9C88D1762CA4FC6D0036FFEB /* PortfolioView.swift */ = {isa = PBXFileReference; lastKnownFileType = sourcecode.swift; path = PortfolioView.swift; sourceTree = "<group>"; };
		9C88D1782CA655570036FFEB /* XMarkButton.swift */ = {isa = PBXFileReference; lastKnownFileType = sourcecode.swift; path = XMarkButton.swift; sourceTree = "<group>"; };
		9C88D17A2CA86D2E0036FFEB /* CoinLogoView.swift */ = {isa = PBXFileReference; lastKnownFileType = sourcecode.swift; path = CoinLogoView.swift; sourceTree = "<group>"; };
		9C88D17D2CAB84940036FFEB /* PortfolioContainer.xcdatamodel */ = {isa = PBXFileReference; lastKnownFileType = wrapper.xcdatamodel; path = PortfolioContainer.xcdatamodel; sourceTree = "<group>"; };
		9C88D17F2CAB85760036FFEB /* PortfolioDataService.swift */ = {isa = PBXFileReference; lastKnownFileType = sourcecode.swift; path = PortfolioDataService.swift; sourceTree = "<group>"; };
/* End PBXFileReference section */

/* Begin PBXFrameworksBuildPhase section */
		9C8542542C9A4A4B00990FE5 /* Frameworks */ = {
			isa = PBXFrameworksBuildPhase;
			buildActionMask = 2147483647;
			files = (
			);
			runOnlyForDeploymentPostprocessing = 0;
		};
/* End PBXFrameworksBuildPhase section */

/* Begin PBXGroup section */
		9C85424E2C9A4A4B00990FE5 = {
			isa = PBXGroup;
			children = (
				9C8542592C9A4A4B00990FE5 /* CryptoX */,
				9C8542582C9A4A4B00990FE5 /* Products */,
			);
			sourceTree = "<group>";
		};
		9C8542582C9A4A4B00990FE5 /* Products */ = {
			isa = PBXGroup;
			children = (
				9C8542572C9A4A4B00990FE5 /* CryptoX.app */,
			);
			name = Products;
			sourceTree = "<group>";
		};
		9C8542592C9A4A4B00990FE5 /* CryptoX */ = {
			isa = PBXGroup;
			children = (
				9C88D1582C9C72E90036FFEB /* Utilities */,
				9C88D1552C9C68C00036FFEB /* Services */,
				9C88D1482C9B29680036FFEB /* Models */,
				9C88D13C2C9B02CB0036FFEB /* Core */,
				9C88D13A2C9B00930036FFEB /* Preview Content */,
				9C85425A2C9A4A4B00990FE5 /* CryptoXApp.swift */,
				9C85425C2C9A4A4B00990FE5 /* ContentView.swift */,
				9C8542682C9A4C7800990FE5 /* Assets.xcassets */,
				9C88D1312C9A4EC90036FFEB /* Extensions */,
				9C88D15B2C9C87420036FFEB /* keys.plist */,
				9C88D15D2C9C89BC0036FFEB /* .gitignore */,
			);
			path = CryptoX;
			sourceTree = "<group>";
		};
		9C88D1312C9A4EC90036FFEB /* Extensions */ = {
			isa = PBXGroup;
			children = (
				9C88D1382C9A4EF00036FFEB /* Color.swift */,
				9C88D14D2C9BB75C0036FFEB /* PreviewProvider.swift */,
				9C88D1512C9BBCFB0036FFEB /* Double.swift */,
				9C88D16A2CA087B30036FFEB /* UIApplication.swift */,
			);
			name = Extensions;
			path = ../../../Resources/Extensions;
			sourceTree = "<group>";
		};
		9C88D13A2C9B00930036FFEB /* Preview Content */ = {
			isa = PBXGroup;
			children = (
			);
			path = "Preview Content";
			sourceTree = "<group>";
		};
		9C88D13C2C9B02CB0036FFEB /* Core */ = {
			isa = PBXGroup;
			children = (
				9C88D1422C9B04B90036FFEB /* Components */,
				9C88D13D2C9B02D70036FFEB /* Home */,
			);
			path = Core;
			sourceTree = "<group>";
		};
		9C88D13D2C9B02D70036FFEB /* Home */ = {
			isa = PBXGroup;
			children = (
				9C88D13F2C9B02E60036FFEB /* ViewModels */,
				9C88D13E2C9B02E20036FFEB /* Views */,
			);
			path = Home;
			sourceTree = "<group>";
		};
		9C88D13E2C9B02E20036FFEB /* Views */ = {
			isa = PBXGroup;
			children = (
				9C88D1402C9B02F60036FFEB /* HomeView.swift */,
				9C88D14B2C9BB6F20036FFEB /* CoinRowView.swift */,
				9C88D1702CA106540036FFEB /* HomeStatsView.swift */,
				9C88D1762CA4FC6D0036FFEB /* PortfolioView.swift */,
			);
			path = Views;
			sourceTree = "<group>";
		};
		9C88D13F2C9B02E60036FFEB /* ViewModels */ = {
			isa = PBXGroup;
			children = (
				9C88D1532C9C50B00036FFEB /* HomeViewModel.swift */,
			);
			name = ViewModels;
			sourceTree = "<group>";
		};
		9C88D1422C9B04B90036FFEB /* Components */ = {
			isa = PBXGroup;
			children = (
				9C88D15F2C9D25ED0036FFEB /* CoinImage */,
				9C88D1432C9B04F80036FFEB /* CircleButton */,
				9C88D1682CA077BA0036FFEB /* SearchBarView.swift */,
				9C88D16E2CA0FE4C0036FFEB /* StatisticView.swift */,
				9C88D1782CA655570036FFEB /* XMarkButton.swift */,
			);
			path = Components;
			sourceTree = "<group>";
		};
		9C88D1432C9B04F80036FFEB /* CircleButton */ = {
			isa = PBXGroup;
			children = (
				9C88D1442C9B05060036FFEB /* CircleButtonView.swift */,
				9C88D1462C9B24F30036FFEB /* CircleButtonAnimationView.swift */,
			);
			path = CircleButton;
			sourceTree = "<group>";
		};
		9C88D1482C9B29680036FFEB /* Models */ = {
			isa = PBXGroup;
			children = (
				9C88D1492C9B29830036FFEB /* CoinModel.swift */,
				9C88D16C2CA0FD070036FFEB /* StatisticModel.swift */,
				9C88D1722CA22DDC0036FFEB /* MarketDataModel.swift */,
				9C88D17C2CAB84930036FFEB /* PortfolioContainer.xcdatamodeld */,
			);
			path = Models;
			sourceTree = "<group>";
		};
		9C88D1552C9C68C00036FFEB /* Services */ = {
			isa = PBXGroup;
			children = (
				9C88D1562C9C68EC0036FFEB /* CoinDataService.swift */,
				9C88D1622C9D29240036FFEB /* CoinImageService.swift */,
				9C88D1742CA241650036FFEB /* MarketDataService.swift */,
				9C88D17F2CAB85760036FFEB /* PortfolioDataService.swift */,
			);
			path = Services;
			sourceTree = "<group>";
		};
		9C88D1582C9C72E90036FFEB /* Utilities */ = {
			isa = PBXGroup;
			children = (
				9C88D1592C9C73170036FFEB /* NetworkingManager.swift */,
				9C88D1662C9DA4D40036FFEB /* LocalFileManager.swift */,
			);
			path = Utilities;
			sourceTree = "<group>";
		};
		9C88D15F2C9D25ED0036FFEB /* CoinImage */ = {
			isa = PBXGroup;
			children = (
				9C88D1602C9D25F90036FFEB /* CoinImageView.swift */,
				9C88D1642C9D2B5F0036FFEB /* CoinImageViewModel.swift */,
				9C88D17A2CA86D2E0036FFEB /* CoinLogoView.swift */,
			);
			path = CoinImage;
			sourceTree = "<group>";
		};
/* End PBXGroup section */

/* Begin PBXNativeTarget section */
		9C8542562C9A4A4B00990FE5 /* CryptoX */ = {
			isa = PBXNativeTarget;
			buildConfigurationList = 9C8542652C9A4A4D00990FE5 /* Build configuration list for PBXNativeTarget "CryptoX" */;
			buildPhases = (
				9C8542532C9A4A4B00990FE5 /* Sources */,
				9C8542542C9A4A4B00990FE5 /* Frameworks */,
				9C8542552C9A4A4B00990FE5 /* Resources */,
			);
			buildRules = (
			);
			dependencies = (
			);
			name = CryptoX;
			productName = CryptoX;
			productReference = 9C8542572C9A4A4B00990FE5 /* CryptoX.app */;
			productType = "com.apple.product-type.application";
		};
/* End PBXNativeTarget section */

/* Begin PBXProject section */
		9C85424F2C9A4A4B00990FE5 /* Project object */ = {
			isa = PBXProject;
			attributes = {
				BuildIndependentTargetsInParallel = 1;
				LastSwiftUpdateCheck = 1540;
				LastUpgradeCheck = 1540;
				TargetAttributes = {
					9C8542562C9A4A4B00990FE5 = {
						CreatedOnToolsVersion = 15.4;
					};
				};
			};
			buildConfigurationList = 9C8542522C9A4A4B00990FE5 /* Build configuration list for PBXProject "CryptoX" */;
			compatibilityVersion = "Xcode 14.0";
			developmentRegion = en;
			hasScannedForEncodings = 0;
			knownRegions = (
				en,
				Base,
			);
			mainGroup = 9C85424E2C9A4A4B00990FE5;
			productRefGroup = 9C8542582C9A4A4B00990FE5 /* Products */;
			projectDirPath = "";
			projectRoot = "";
			targets = (
				9C8542562C9A4A4B00990FE5 /* CryptoX */,
			);
		};
/* End PBXProject section */

/* Begin PBXResourcesBuildPhase section */
		9C8542552C9A4A4B00990FE5 /* Resources */ = {
			isa = PBXResourcesBuildPhase;
			buildActionMask = 2147483647;
			files = (
				9C88D15C2C9C87420036FFEB /* keys.plist in Resources */,
				9C88D15E2C9C89BC0036FFEB /* .gitignore in Resources */,
				9C8542692C9A4C7800990FE5 /* Assets.xcassets in Resources */,
			);
			runOnlyForDeploymentPostprocessing = 0;
		};
/* End PBXResourcesBuildPhase section */

/* Begin PBXSourcesBuildPhase section */
		9C8542532C9A4A4B00990FE5 /* Sources */ = {
			isa = PBXSourcesBuildPhase;
			buildActionMask = 2147483647;
			files = (
				9C88D17E2CAB84940036FFEB /* PortfolioContainer.xcdatamodeld in Sources */,
				9C88D16D2CA0FD070036FFEB /* StatisticModel.swift in Sources */,
				9C88D1572C9C68EC0036FFEB /* CoinDataService.swift in Sources */,
				9C88D14C2C9BB6F20036FFEB /* CoinRowView.swift in Sources */,
				9C88D1792CA655570036FFEB /* XMarkButton.swift in Sources */,
				9C88D1542C9C50B00036FFEB /* HomeViewModel.swift in Sources */,
				9C85425D2C9A4A4B00990FE5 /* ContentView.swift in Sources */,
				9C88D1672C9DA4D40036FFEB /* LocalFileManager.swift in Sources */,
				9C88D1732CA22DDC0036FFEB /* MarketDataModel.swift in Sources */,
				9C88D1412C9B02F60036FFEB /* HomeView.swift in Sources */,
				9C88D16F2CA0FE4C0036FFEB /* StatisticView.swift in Sources */,
				9C88D1612C9D25F90036FFEB /* CoinImageView.swift in Sources */,
				9C85425B2C9A4A4B00990FE5 /* CryptoXApp.swift in Sources */,
				9C88D16B2CA087B30036FFEB /* UIApplication.swift in Sources */,
				9C88D1452C9B05070036FFEB /* CircleButtonView.swift in Sources */,
				9C88D1392C9A4EF00036FFEB /* Color.swift in Sources */,
				9C88D1692CA077BA0036FFEB /* SearchBarView.swift in Sources */,
				9C88D15A2C9C73170036FFEB /* NetworkingManager.swift in Sources */,
				9C88D17B2CA86D2E0036FFEB /* CoinLogoView.swift in Sources */,
				9C88D1712CA106540036FFEB /* HomeStatsView.swift in Sources */,
				9C88D1752CA241650036FFEB /* MarketDataService.swift in Sources */,
				9C88D1472C9B24F30036FFEB /* CircleButtonAnimationView.swift in Sources */,
				9C88D1652C9D2B5F0036FFEB /* CoinImageViewModel.swift in Sources */,
				9C88D14E2C9BB75C0036FFEB /* PreviewProvider.swift in Sources */,
				9C88D1772CA4FC6D0036FFEB /* PortfolioView.swift in Sources */,
				9C88D1522C9BBCFB0036FFEB /* Double.swift in Sources */,
				9C88D1632C9D29240036FFEB /* CoinImageService.swift in Sources */,
				9C88D14A2C9B29830036FFEB /* CoinModel.swift in Sources */,
				9C88D1802CAB85760036FFEB /* PortfolioDataService.swift in Sources */,
			);
			runOnlyForDeploymentPostprocessing = 0;
		};
/* End PBXSourcesBuildPhase section */

/* Begin XCBuildConfiguration section */
		9C8542632C9A4A4D00990FE5 /* Debug */ = {
			isa = XCBuildConfiguration;
			buildSettings = {
				ALWAYS_SEARCH_USER_PATHS = NO;
				ASSETCATALOG_COMPILER_GENERATE_SWIFT_ASSET_SYMBOL_EXTENSIONS = YES;
				CLANG_ANALYZER_NONNULL = YES;
				CLANG_ANALYZER_NUMBER_OBJECT_CONVERSION = YES_AGGRESSIVE;
				CLANG_CXX_LANGUAGE_STANDARD = "gnu++20";
				CLANG_ENABLE_MODULES = YES;
				CLANG_ENABLE_OBJC_ARC = YES;
				CLANG_ENABLE_OBJC_WEAK = YES;
				CLANG_WARN_BLOCK_CAPTURE_AUTORELEASING = YES;
				CLANG_WARN_BOOL_CONVERSION = YES;
				CLANG_WARN_COMMA = YES;
				CLANG_WARN_CONSTANT_CONVERSION = YES;
				CLANG_WARN_DEPRECATED_OBJC_IMPLEMENTATIONS = YES;
				CLANG_WARN_DIRECT_OBJC_ISA_USAGE = YES_ERROR;
				CLANG_WARN_DOCUMENTATION_COMMENTS = YES;
				CLANG_WARN_EMPTY_BODY = YES;
				CLANG_WARN_ENUM_CONVERSION = YES;
				CLANG_WARN_INFINITE_RECURSION = YES;
				CLANG_WARN_INT_CONVERSION = YES;
				CLANG_WARN_NON_LITERAL_NULL_CONVERSION = YES;
				CLANG_WARN_OBJC_IMPLICIT_RETAIN_SELF = YES;
				CLANG_WARN_OBJC_LITERAL_CONVERSION = YES;
				CLANG_WARN_OBJC_ROOT_CLASS = YES_ERROR;
				CLANG_WARN_QUOTED_INCLUDE_IN_FRAMEWORK_HEADER = YES;
				CLANG_WARN_RANGE_LOOP_ANALYSIS = YES;
				CLANG_WARN_STRICT_PROTOTYPES = YES;
				CLANG_WARN_SUSPICIOUS_MOVE = YES;
				CLANG_WARN_UNGUARDED_AVAILABILITY = YES_AGGRESSIVE;
				CLANG_WARN_UNREACHABLE_CODE = YES;
				CLANG_WARN__DUPLICATE_METHOD_MATCH = YES;
				COPY_PHASE_STRIP = NO;
				DEBUG_INFORMATION_FORMAT = dwarf;
				ENABLE_STRICT_OBJC_MSGSEND = YES;
				ENABLE_TESTABILITY = YES;
				ENABLE_USER_SCRIPT_SANDBOXING = YES;
				GCC_C_LANGUAGE_STANDARD = gnu17;
				GCC_DYNAMIC_NO_PIC = NO;
				GCC_NO_COMMON_BLOCKS = YES;
				GCC_OPTIMIZATION_LEVEL = 0;
				GCC_PREPROCESSOR_DEFINITIONS = (
					"DEBUG=1",
					"$(inherited)",
				);
				GCC_WARN_64_TO_32_BIT_CONVERSION = YES;
				GCC_WARN_ABOUT_RETURN_TYPE = YES_ERROR;
				GCC_WARN_UNDECLARED_SELECTOR = YES;
				GCC_WARN_UNINITIALIZED_AUTOS = YES_AGGRESSIVE;
				GCC_WARN_UNUSED_FUNCTION = YES;
				GCC_WARN_UNUSED_VARIABLE = YES;
				IPHONEOS_DEPLOYMENT_TARGET = 17.5;
				LOCALIZATION_PREFERS_STRING_CATALOGS = YES;
				MTL_ENABLE_DEBUG_INFO = INCLUDE_SOURCE;
				MTL_FAST_MATH = YES;
				ONLY_ACTIVE_ARCH = YES;
				SDKROOT = iphoneos;
				SWIFT_ACTIVE_COMPILATION_CONDITIONS = "DEBUG $(inherited)";
				SWIFT_OPTIMIZATION_LEVEL = "-Onone";
			};
			name = Debug;
		};
		9C8542642C9A4A4D00990FE5 /* Release */ = {
			isa = XCBuildConfiguration;
			buildSettings = {
				ALWAYS_SEARCH_USER_PATHS = NO;
				ASSETCATALOG_COMPILER_GENERATE_SWIFT_ASSET_SYMBOL_EXTENSIONS = YES;
				CLANG_ANALYZER_NONNULL = YES;
				CLANG_ANALYZER_NUMBER_OBJECT_CONVERSION = YES_AGGRESSIVE;
				CLANG_CXX_LANGUAGE_STANDARD = "gnu++20";
				CLANG_ENABLE_MODULES = YES;
				CLANG_ENABLE_OBJC_ARC = YES;
				CLANG_ENABLE_OBJC_WEAK = YES;
				CLANG_WARN_BLOCK_CAPTURE_AUTORELEASING = YES;
				CLANG_WARN_BOOL_CONVERSION = YES;
				CLANG_WARN_COMMA = YES;
				CLANG_WARN_CONSTANT_CONVERSION = YES;
				CLANG_WARN_DEPRECATED_OBJC_IMPLEMENTATIONS = YES;
				CLANG_WARN_DIRECT_OBJC_ISA_USAGE = YES_ERROR;
				CLANG_WARN_DOCUMENTATION_COMMENTS = YES;
				CLANG_WARN_EMPTY_BODY = YES;
				CLANG_WARN_ENUM_CONVERSION = YES;
				CLANG_WARN_INFINITE_RECURSION = YES;
				CLANG_WARN_INT_CONVERSION = YES;
				CLANG_WARN_NON_LITERAL_NULL_CONVERSION = YES;
				CLANG_WARN_OBJC_IMPLICIT_RETAIN_SELF = YES;
				CLANG_WARN_OBJC_LITERAL_CONVERSION = YES;
				CLANG_WARN_OBJC_ROOT_CLASS = YES_ERROR;
				CLANG_WARN_QUOTED_INCLUDE_IN_FRAMEWORK_HEADER = YES;
				CLANG_WARN_RANGE_LOOP_ANALYSIS = YES;
				CLANG_WARN_STRICT_PROTOTYPES = YES;
				CLANG_WARN_SUSPICIOUS_MOVE = YES;
				CLANG_WARN_UNGUARDED_AVAILABILITY = YES_AGGRESSIVE;
				CLANG_WARN_UNREACHABLE_CODE = YES;
				CLANG_WARN__DUPLICATE_METHOD_MATCH = YES;
				COPY_PHASE_STRIP = NO;
				DEBUG_INFORMATION_FORMAT = "dwarf-with-dsym";
				ENABLE_NS_ASSERTIONS = NO;
				ENABLE_STRICT_OBJC_MSGSEND = YES;
				ENABLE_USER_SCRIPT_SANDBOXING = YES;
				GCC_C_LANGUAGE_STANDARD = gnu17;
				GCC_NO_COMMON_BLOCKS = YES;
				GCC_WARN_64_TO_32_BIT_CONVERSION = YES;
				GCC_WARN_ABOUT_RETURN_TYPE = YES_ERROR;
				GCC_WARN_UNDECLARED_SELECTOR = YES;
				GCC_WARN_UNINITIALIZED_AUTOS = YES_AGGRESSIVE;
				GCC_WARN_UNUSED_FUNCTION = YES;
				GCC_WARN_UNUSED_VARIABLE = YES;
				IPHONEOS_DEPLOYMENT_TARGET = 17.5;
				LOCALIZATION_PREFERS_STRING_CATALOGS = YES;
				MTL_ENABLE_DEBUG_INFO = NO;
				MTL_FAST_MATH = YES;
				SDKROOT = iphoneos;
				SWIFT_COMPILATION_MODE = wholemodule;
				VALIDATE_PRODUCT = YES;
			};
			name = Release;
		};
		9C8542662C9A4A4D00990FE5 /* Debug */ = {
			isa = XCBuildConfiguration;
			buildSettings = {
				ASSETCATALOG_COMPILER_APPICON_NAME = AppIcon;
				ASSETCATALOG_COMPILER_GLOBAL_ACCENT_COLOR_NAME = AccentColor;
				CODE_SIGN_STYLE = Automatic;
				CURRENT_PROJECT_VERSION = 1;
				DEVELOPMENT_ASSET_PATHS = "\"CryptoX/Preview Content\"";
				DEVELOPMENT_TEAM = B6A7VXZ86X;
				ENABLE_PREVIEWS = YES;
				GENERATE_INFOPLIST_FILE = YES;
				INFOPLIST_KEY_CFBundleDisplayName = CryptoX;
				INFOPLIST_KEY_UIApplicationSceneManifest_Generation = YES;
				INFOPLIST_KEY_UIApplicationSupportsIndirectInputEvents = YES;
				INFOPLIST_KEY_UILaunchScreen_Generation = YES;
				INFOPLIST_KEY_UISupportedInterfaceOrientations = UIInterfaceOrientationPortrait;
				LD_RUNPATH_SEARCH_PATHS = (
					"$(inherited)",
					"@executable_path/Frameworks",
				);
				MARKETING_VERSION = 1.0;
				PRODUCT_BUNDLE_IDENTIFIER = com.PritamSapkota.CryptoX;
				PRODUCT_NAME = "$(TARGET_NAME)";
				SUPPORTED_PLATFORMS = "iphoneos iphonesimulator";
				SUPPORTS_MACCATALYST = NO;
				SUPPORTS_MAC_DESIGNED_FOR_IPHONE_IPAD = NO;
				SUPPORTS_XR_DESIGNED_FOR_IPHONE_IPAD = NO;
				SWIFT_EMIT_LOC_STRINGS = YES;
				SWIFT_VERSION = 5.0;
				TARGETED_DEVICE_FAMILY = "1,2";
			};
			name = Debug;
		};
		9C8542672C9A4A4D00990FE5 /* Release */ = {
			isa = XCBuildConfiguration;
			buildSettings = {
				ASSETCATALOG_COMPILER_APPICON_NAME = AppIcon;
				ASSETCATALOG_COMPILER_GLOBAL_ACCENT_COLOR_NAME = AccentColor;
				CODE_SIGN_STYLE = Automatic;
				CURRENT_PROJECT_VERSION = 1;
				DEVELOPMENT_ASSET_PATHS = "\"CryptoX/Preview Content\"";
				DEVELOPMENT_TEAM = B6A7VXZ86X;
				ENABLE_PREVIEWS = YES;
				GENERATE_INFOPLIST_FILE = YES;
				INFOPLIST_KEY_CFBundleDisplayName = CryptoX;
				INFOPLIST_KEY_UIApplicationSceneManifest_Generation = YES;
				INFOPLIST_KEY_UIApplicationSupportsIndirectInputEvents = YES;
				INFOPLIST_KEY_UILaunchScreen_Generation = YES;
				INFOPLIST_KEY_UISupportedInterfaceOrientations = UIInterfaceOrientationPortrait;
				LD_RUNPATH_SEARCH_PATHS = (
					"$(inherited)",
					"@executable_path/Frameworks",
				);
				MARKETING_VERSION = 1.0;
				PRODUCT_BUNDLE_IDENTIFIER = com.PritamSapkota.CryptoX;
				PRODUCT_NAME = "$(TARGET_NAME)";
				SUPPORTED_PLATFORMS = "iphoneos iphonesimulator";
				SUPPORTS_MACCATALYST = NO;
				SUPPORTS_MAC_DESIGNED_FOR_IPHONE_IPAD = NO;
				SUPPORTS_XR_DESIGNED_FOR_IPHONE_IPAD = NO;
				SWIFT_EMIT_LOC_STRINGS = YES;
				SWIFT_VERSION = 5.0;
				TARGETED_DEVICE_FAMILY = "1,2";
			};
			name = Release;
		};
/* End XCBuildConfiguration section */

/* Begin XCConfigurationList section */
		9C8542522C9A4A4B00990FE5 /* Build configuration list for PBXProject "CryptoX" */ = {
			isa = XCConfigurationList;
			buildConfigurations = (
				9C8542632C9A4A4D00990FE5 /* Debug */,
				9C8542642C9A4A4D00990FE5 /* Release */,
			);
			defaultConfigurationIsVisible = 0;
			defaultConfigurationName = Release;
		};
		9C8542652C9A4A4D00990FE5 /* Build configuration list for PBXNativeTarget "CryptoX" */ = {
			isa = XCConfigurationList;
			buildConfigurations = (
				9C8542662C9A4A4D00990FE5 /* Debug */,
				9C8542672C9A4A4D00990FE5 /* Release */,
			);
			defaultConfigurationIsVisible = 0;
			defaultConfigurationName = Release;
		};
/* End XCConfigurationList section */

/* Begin XCVersionGroup section */
		9C88D17C2CAB84930036FFEB /* PortfolioContainer.xcdatamodeld */ = {
			isa = XCVersionGroup;
			children = (
				9C88D17D2CAB84940036FFEB /* PortfolioContainer.xcdatamodel */,
			);
			currentVersion = 9C88D17D2CAB84940036FFEB /* PortfolioContainer.xcdatamodel */;
			name = PortfolioContainer.xcdatamodeld;
			path = /Users/pritam/Desktop/SwiftUI/CryptoX/CryptoX/Models/PortfolioContainer.xcdatamodeld;
			sourceTree = "<group>";
			versionGroupType = wrapper.xcdatamodel;
		};
/* End XCVersionGroup section */
	};
	rootObject = 9C85424F2C9A4A4B00990FE5 /* Project object */;
}
